{
    "_meta": {
        "hash": {
            "sha256": "37042efcfc3a0d220d26d337da32ee32affcf9c64753c1eba678799800a817d0"
        },
        "pipfile-spec": 6,
        "requires": {
            "python_version": "3.12"
        },
        "sources": [
            {
                "name": "pypi",
                "url": "https://pypi.org/simple",
                "verify_ssl": true
            }
        ]
    },
    "default": {
        "asgiref": {
            "hashes": [
                "sha256:3e1e3ecc849832fe52ccf2cb6686b7a55f82bb1d6aee72a58826471390335e47",
                "sha256:c343bd80a0bec947a9860adb4c432ffa7db769836c64238fc34bdc3fec84d590"
            ],
            "markers": "python_version >= '3.8'",
            "version": "==3.8.1"
        },
        "django": {
            "hashes": [
                "sha256:3a93350214ba25f178d4045c0786c61573e7dbfa3c509b3551374f1e11ba8de0",
                "sha256:6b56d834cc94c8b21a8f4e775064896be3b4a4ca387f2612d4406a5927cd2fdc"
            ],
            "index": "pypi",
            "markers": "python_version >= '3.8'",
            "version": "==4.2.17"
        },
        "django-cors-headers": {
            "hashes": [
                "sha256:9ada212b0e2efd4a5e339360ffc869cb21ac5605e810afe69f7308e577ea5bde",
                "sha256:f9749c6410fe738278bc2b6ef17f05195bc7b251693c035752d8257026af024f"
            ],
            "index": "pypi",
            "markers": "python_version >= '3.8'",
            "version": "==4.2.0"
        },
        "django-environ": {
            "hashes": [
                "sha256:510f8c9c1d0a38b0815f91504270c29440a0cf44fab07f55942fa8d31bbb9be6",
                "sha256:b3559a91439c9d774a9e0c1ced872364772c612cdf6dc919506a2b13f7a77225"
            ],
            "index": "pypi",
            "markers": "python_version >= '3.5' and python_version < '4'",
            "version": "==0.10.0"
        },
        "django-filter": {
            "hashes": [
                "sha256:c4852822928ce17fb699bcfccd644b3574f1a2d80aeb2b4ff4f16b02dd49dc64",
                "sha256:d8ccaf6732afd21ca0542f6733b11591030fa98669f8d15599b358e24a2cd9c3"
            ],
            "markers": "python_version >= '3.8'",
            "version": "==24.3"
        },
        "django-leaflet": {
            "hashes": [
                "sha256:102b6870f247611d43b052de54c55db6589ae1434e27234cb14d42ad7d5a56c4",
                "sha256:4c4108adec5aec9ed12285a711bddb877bfbacd31c0d83fdfeea48d4cd6d87c6"
            ],
            "index": "pypi",
            "version": "==0.29.1"
        },
        "djangorestframework": {
            "hashes": [
                "sha256:579a333e6256b09489cbe0a067e66abe55c6595d8926be6b99423786334350c8",
                "sha256:eb63f58c9f218e1a7d064d17a70751f528ed4e1d35547fdade9aaf4cd103fd08"
            ],
            "index": "pypi",
            "markers": "python_version >= '3.6'",
            "version": "==3.14.0"
        },
        "djangorestframework-gis": {
            "hashes": [
                "sha256:84b915503a59263ed9473ecde34b19260c3e9c5c8ebb3aea8d91a67fd39f7215",
                "sha256:fd8631c2c10208df5f05ee297ce333aaa9a794acd654420207f72e8f9acd59ea"
            ],
            "index": "pypi",
            "version": "==1.1"
        },
        "psycopg": {
            "hashes": [
                "sha256:32f5862ab79f238496236f97fe374a7ab55b4b4bb839a74802026544735f9a07",
                "sha256:898a29f49ac9c903d554f5a6cdc44a8fc564325557c18f82e51f39c1f4fc2aeb"
            ],
            "index": "pypi",
            "markers": "python_version >= '3.7'",
            "version": "==3.1.20"
        },
        "psycopg-binary": {
            "hashes": [
                "sha256:015f70b17539ec0ecfb0f87bcaface0c7fa1289b6e7e2313dc7cdfdc513e3235",
                "sha256:01b0e39128715fc37fed6cdc50ab58278eacb75709af503eb607654030975f09",
                "sha256:0f5313ccad37d3f3d87fc8615feeb85b6f99975a338d135d641f2d0921a393dc",
                "sha256:12b33c511f0be79d5a68231a10972ef9c68d954d30d176679472057ecc22891a",
                "sha256:2b36d1b05fadaa8d950f3f268b22d1d0b1ba1d0338df69ee64bedf11de518c3a",
                "sha256:2c67532057fda72579b02d9d61e9cc8975982844bd5c3c9dc7f84ce8bcac859c",
                "sha256:309c09004109745e687a9d918339804e37bcde0f4da4475d6b4b16678626ca62",
                "sha256:309c09ec50a9c5c8492c2922ee666df1e30a08b08a9b63083d0daa414eccd09c",
                "sha256:3532b8677666aadb64a4e31f6e97fe4ab71b862ab100d337faf497198339fd4d",
                "sha256:381e096a0c7f8bcb00ca5121f335d9a2298c3a12d4d6043a4b07d9efa1816606",
                "sha256:40a5b2a87b8b1a8c2dfe65ff51cbf8e981fd09da111ebd195bff5e2df121fccf",
                "sha256:43e16e3d76021db831c95d2ade55de0d059b1f17732ba818265c6fcb3b662cb1",
                "sha256:44306e4b1acef590dc063d63317dc0ac34fce89756723efd22bd770c1a04850c",
                "sha256:47dd369cb4b263d29aed12ee23b37c03e58bfe656843692d109896c258c554b0",
                "sha256:4b9487593e511c5a6b7a0165e5bddf57efcc4d40173f2ac52e51659637840094",
                "sha256:4cf6ec1490232a5b208dae94a8269dc739e6762684c8658a0f3570402db934ae",
                "sha256:4e1f9fa0a6404c7e405bed4f3237e4b4e9292d711deff0d870dcf66f87f0aad7",
                "sha256:4fc1a6bc9cf8c23d87f3c3f79517b0ee15789f183ef84d077d68c5e1fad4677a",
                "sha256:50f1d807b4167f973a6f67bca39bf656b737f7426be158a1dc9cb0000d020744",
                "sha256:56172635ec89c2c58cd33079749a76c74b002b4800fecca7474455a1512b7d6b",
                "sha256:5a1623073d3f6449223ec4843cf4e36d05258567d93284f9a9b97618a87b2ae4",
                "sha256:67f285eaf706712d1ac46f4a7fc27226ee6184f411e45aff4044284ac34fe3a3",
                "sha256:6902c01cf483dd60565833b04ea6a2ef4151cf9fdb88d461f914b49379470675",
                "sha256:6f3c0b05fc3cbd4d99aaacf5c7afa13b086df5777b9fefb78d31bf81fc70bd04",
                "sha256:7462bddd3ffd9875b6344a10c379bba820b93a7c4ca962d2e5e9673a0cf46cf5",
                "sha256:75779e3b9d86576491653e78122a0bdedb791fdf65fe1d5caa5d002560912425",
                "sha256:77af1086bedfa0729465565c636de3519079ba523d7b7ee6e8b9486beb1ee905",
                "sha256:78b5932f0f6f97e143272fea16753ecd9a00cb65db2c60ac3710bea6e739e09d",
                "sha256:802989350fcbc783732bfef660afb34439a62727642a05e8bb9acf7d68993627",
                "sha256:808828fc485f23082f974811cad8aa75120a6dde248453c4fba60e8780bf1841",
                "sha256:8285827339f6221861c05c3a292e2464e114c1d0f93ef03c5756c16f3a755520",
                "sha256:836246f3c486ef7edfce6cf6cc760173e244826ebecd54c1b63c91d4cc0341f7",
                "sha256:8a92fc898af4080e3cf562c02e3a8a9cb897dc70976c91e05fd064bff76928ea",
                "sha256:8dadeddb9d2dced49f2371f222db1d78b0a1c0f515c6e9c9e65c8f958c288ce1",
                "sha256:92b61bae0ac881580faa1c89bf2167db7041cb01cc0bd686244f9c20a010036a",
                "sha256:964e4a745a7fae78c6cfa39d318ecc128d88bce047af944d7bdb890f1d58f01b",
                "sha256:9e9b292bcf74820dce43887b81cfb64c9e88a54aefdde77d2e7eff97dcfe1506",
                "sha256:9ecd8cb66716ff5be7b1ca9c318c4a843807819a245f7c87e0aadd0d0283bc36",
                "sha256:a4847fa31c8d3a6dd3536cf1e130dfcc454ed26be471ef274e4358bf7f709cda",
                "sha256:aa2443cd9c7dbe99463eabf297b2f4a088de5d1a94a7cd17616118a85fd3d358",
                "sha256:adf1c2061600235ae9b11d7ad357cab89ac583a76bdb0199f7a29ac947939c20",
                "sha256:b03f6f7e512c6a8e37b10814bcb53dcd2ca0c02512a661b3aefffd7b6009e412",
                "sha256:b0d3ee6ae9760545cc78d03eaa858898cc40a59ca4cc2047f198cac2d1a000cc",
                "sha256:b72e9c8c79dcc30e34e996079cfe0374b7c7233d2b5f6f25a0bc8872fe2babef",
                "sha256:bfc5955e3035f141a567ccc608ba65d01b97f9179ba8061f4b7ce80fe0edb327",
                "sha256:c067284df02ea7bcede5f89cc1ed76511ceaf7e560e0f79528125f1a3ef38832",
                "sha256:c26863471abba88396281649df34dd29e70f37d695af73ef98a4a9038bbff674",
                "sha256:c8c72fe67722ab78c7f4466c79539247306cde260367a4ac42e6302c26a7d6d2",
                "sha256:d1851c4ed763969a613246024d37153357308eeb78889dcd6d739b7240dacd4e",
                "sha256:d20ac5a9a4fe2eb6271227cce9db476059abf5b61c2a79f5f79dfcc673dff4d5",
                "sha256:d8dbff9808ba07fba4afa0a6c823ab411f1cf9f1e27ea684bd307ed268f61a39",
                "sha256:da1b831f0a33e69bf79c4f39587167720c58c046d46ad86232f12c3e17e7c865",
                "sha256:e1656794434574d01955f2ceaaef88b4f5edd2099205c383680fa7d8ec18496b",
                "sha256:e2875deafed870cb908c69444b580e6b21620fc881a26a98f6146d5d522705c0",
                "sha256:e2c33a01799f93ef8c11a023df66280e39ca3c3249a2581adb2a0e5e80801088",
                "sha256:e814d69e5447a93e7b98117ec95a8ce606d3742092fd120960551ed67c376fea",
                "sha256:e9b9562395d441e225f354e8c6303ee6993a93aaeb0dbb5b94368f3249ab2388",
                "sha256:eb8479dd184b2e6bbf8aae52ca946efff0d852b2ead386c26fa6de8c92257a9b",
                "sha256:ef08de60f1b8503a6f6b6f5bee612de36373c09bc0e3f84409fab09e1ff72107",
                "sha256:f1c78e40ba9a808b6f870f94efc3cfbf479169bf6c4f46c2b1e258a4b035b2ba",
                "sha256:f52498dc7b41fee74e971823ede4519e3a9597d416f7a2044dbe4b98cc61ff35",
                "sha256:f7df27f50a7db84c28e58be3df41f39618161096c3379ad68bc665a454c53e93"
            ],
            "index": "pypi",
            "markers": "python_version >= '3.7'",
            "version": "==3.1.20"
        },
        "pytz": {
            "hashes": [
                "sha256:2aa355083c50a0f93fa581709deac0c9ad65cca8a9e9beac660adcbd493c798a",
                "sha256:31c7c1817eb7fae7ca4b8c7ee50c72f93aa2dd863de768e1ef4245d426aa0725"
            ],
            "version": "==2024.2"
        },
        "sqlparse": {
            "hashes": [
                "sha256:09f67787f56a0b16ecdbde1bfc7f5d9c3371ca683cfeaa8e6ff60b4807ec9272",
                "sha256:cf2196ed3418f3ba5de6af7e82c694a9fbdbfecccdfc72e281548517081f16ca"
            ],
            "markers": "python_version >= '3.8'",
            "version": "==0.5.3"
        },
        "typing-extensions": {
            "hashes": [
                "sha256:04e5ca0351e0f3f85c6853954072df659d0d13fac324d0072316b67d7794700d",
                "sha256:1a7ead55c7e559dd4dee8856e3a88b41225abfe1ce8df57b7c13915fe121ffb8"
            ],
            "markers": "python_version >= '3.8'",
            "version": "==4.12.2"
        }
    },
    "develop": {
        "asgiref": {
            "hashes": [
                "sha256:3e1e3ecc849832fe52ccf2cb6686b7a55f82bb1d6aee72a58826471390335e47",
                "sha256:c343bd80a0bec947a9860adb4c432ffa7db769836c64238fc34bdc3fec84d590"
            ],
            "markers": "python_version >= '3.8'",
            "version": "==3.8.1"
        },
        "black": {
            "hashes": [
                "sha256:01ede61aac8c154b55f35301fac3e730baf0c9cf8120f65a9cd61a81cfb4a0c3",
                "sha256:022a582720b0d9480ed82576c920a8c1dde97cc38ff11d8d8859b3bd6ca9eedb",
                "sha256:25cc308838fe71f7065df53aedd20327969d05671bac95b38fdf37ebe70ac087",
                "sha256:27eb7a0c71604d5de083757fbdb245b1a4fae60e9596514c6ec497eb63f95320",
                "sha256:327a8c2550ddc573b51e2c352adb88143464bb9d92c10416feb86b0f5aee5ff6",
                "sha256:47e56d83aad53ca140da0af87678fb38e44fd6bc0af71eebab2d1f59b1acf1d3",
                "sha256:501387a9edcb75d7ae8a4412bb8749900386eaef258f1aefab18adddea1936bc",
                "sha256:552513d5cd5694590d7ef6f46e1767a4df9af168d449ff767b13b084c020e63f",
                "sha256:5c4bc552ab52f6c1c506ccae05681fab58c3f72d59ae6e6639e8885e94fe2587",
                "sha256:642496b675095d423f9b8448243336f8ec71c9d4d57ec17bf795b67f08132a91",
                "sha256:6d1c6022b86f83b632d06f2b02774134def5d4d4f1dac8bef16d90cda18ba28a",
                "sha256:7f3bf2dec7d541b4619b8ce526bda74a6b0bffc480a163fed32eb8b3c9aed8ad",
                "sha256:831d8f54c3a8c8cf55f64d0422ee875eecac26f5f649fb6c1df65316b67c8926",
                "sha256:8417dbd2f57b5701492cd46edcecc4f9208dc75529bcf76c514864e48da867d9",
                "sha256:86cee259349b4448adb4ef9b204bb4467aae74a386bce85d56ba4f5dc0da27be",
                "sha256:893695a76b140881531062d48476ebe4a48f5d1e9388177e175d76234ca247cd",
                "sha256:9fd59d418c60c0348505f2ddf9609c1e1de8e7493eab96198fc89d9f865e7a96",
                "sha256:ad0014efc7acf0bd745792bd0d8857413652979200ab924fbf239062adc12491",
                "sha256:b5b0ee6d96b345a8b420100b7d71ebfdd19fab5e8301aff48ec270042cd40ac2",
                "sha256:c333286dc3ddca6fdff74670b911cccedacb4ef0a60b34e491b8a67c833b343a",
                "sha256:f9062af71c59c004cd519e2fb8f5d25d39e46d3af011b41ab43b9c74e27e236f",
                "sha256:fb074d8b213749fa1d077d630db0d5f8cc3b2ae63587ad4116e8a436e9bbe995"
            ],
            "index": "pypi",
            "markers": "python_version >= '3.8'",
            "version": "==23.7.0"
        },
        "click": {
            "hashes": [
                "sha256:63c132bbbed01578a06712a2d1f497bb62d9c1c0d329b7903a866228027263b2",
                "sha256:ed53c9d8990d83c2a27deae68e4ee337473f6330c040a31d4225c9574d16096a"
            ],
            "markers": "python_version >= '3.7'",
            "version": "==8.1.8"
        },
        "django": {
            "hashes": [
                "sha256:3a93350214ba25f178d4045c0786c61573e7dbfa3c509b3551374f1e11ba8de0",
                "sha256:6b56d834cc94c8b21a8f4e775064896be3b4a4ca387f2612d4406a5927cd2fdc"
            ],
            "index": "pypi",
            "markers": "python_version >= '3.8'",
            "version": "==4.2.17"
        },
        "django-debug-toolbar": {
            "hashes": [
                "sha256:af99128c06e8e794479e65ab62cc6c7d1e74e1c19beb44dcbf9bad7a9c017327",
                "sha256:bc7fdaafafcdedefcc67a4a5ad9dac96efd6e41db15bc74d402a54a2ba4854dc"
            ],
            "index": "pypi",
            "markers": "python_version >= '3.8'",
            "version": "==4.2.0"
        },
        "mypy-extensions": {
            "hashes": [
                "sha256:4392f6c0eb8a5668a69e23d168ffa70f0be9ccfd32b5cc2d26a34ae5b844552d",
                "sha256:75dbf8955dc00442a438fc4d0666508a9a97b6bd41aa2f0ffe9d2f2725af0782"
            ],
            "markers": "python_version >= '3.5'",
            "version": "==1.0.0"
        },
        "packaging": {
            "hashes": [
                "sha256:09abb1bccd265c01f4a3aa3f7a7db064b36514d2cba19a2f694fe6150451a759",
                "sha256:c228a6dc5e932d346bc5739379109d49e8853dd8223571c7c5b55260edc0b97f"
            ],
            "markers": "python_version >= '3.8'",
            "version": "==24.2"
        },
        "pathspec": {
            "hashes": [
                "sha256:a0d503e138a4c123b27490a4f7beda6a01c6f288df0e4a8b79c7eb0dc7b4cc08",
                "sha256:a482d51503a1ab33b1c67a6c3813a26953dbdc71c31dacaef9a838c4e29f5712"
            ],
            "markers": "python_version >= '3.8'",
            "version": "==0.12.1"
        },
        "platformdirs": {
            "hashes": [
                "sha256:357fb2acbc885b0419afd3ce3ed34564c13c9b95c89360cd9563f73aa5e2b907",
                "sha256:73e575e1408ab8103900836b97580d5307456908a03e92031bab39e4554cc3fb"
            ],
            "markers": "python_version >= '3.8'",
            "version": "==4.3.6"
        },
        "sqlparse": {
            "hashes": [
                "sha256:09f67787f56a0b16ecdbde1bfc7f5d9c3371ca683cfeaa8e6ff60b4807ec9272",
                "sha256:cf2196ed3418f3ba5de6af7e82c694a9fbdbfecccdfc72e281548517081f16ca"
            ],
            "markers": "python_version >= '3.8'",
            "version": "==0.5.3"
        }
    }
}
